// !$*UTF8*$!
{
	archiveVersion = 1;
	classes = {
	};
	objectVersion = 50;
	objects = {

/* Begin PBXBuildFile section */
		C804193823BBA2790059E47F /* rx-sources.cpp in Sources */ = {isa = PBXBuildFile; fileRef = C804193623BBA2790059E47F /* rx-sources.cpp */; };
		C83EF3F9239D11CA00F3BCB4 /* main.cpp in Sources */ = {isa = PBXBuildFile; fileRef = C83EF3F8239D11CA00F3BCB4 /* main.cpp */; };
		C83EF40B239D458700F3BCB4 /* rx-trace.cpp in Sources */ = {isa = PBXBuildFile; fileRef = C83EF40A239D458700F3BCB4 /* rx-trace.cpp */; };
/* End PBXBuildFile section */

/* Begin PBXCopyFilesBuildPhase section */
		C83EF3F3239D11CA00F3BCB4 /* CopyFiles */ = {
			isa = PBXCopyFilesBuildPhase;
			buildActionMask = 2147483647;
			dstPath = /usr/share/man/man1/;
			dstSubfolderSpec = 0;
			files = (
			);
			runOnlyForDeploymentPostprocessing = 1;
		};
/* End PBXCopyFilesBuildPhase section */

/* Begin PBXFileReference section */
		C804193623BBA2790059E47F /* rx-sources.cpp */ = {isa = PBXFileReference; lastKnownFileType = sourcecode.cpp.cpp; path = "rx-sources.cpp"; sourceTree = "<group>"; };
		C804193723BBA2790059E47F /* rx-sources.hpp */ = {isa = PBXFileReference; lastKnownFileType = sourcecode.cpp.h; path = "rx-sources.hpp"; sourceTree = "<group>"; };
		C83EF3F5239D11CA00F3BCB4 /* learn-cpp-rxcpp */ = {isa = PBXFileReference; explicitFileType = "compiled.mach-o.executable"; includeInIndex = 0; path = "learn-cpp-rxcpp"; sourceTree = BUILT_PRODUCTS_DIR; };
		C83EF3F8239D11CA00F3BCB4 /* main.cpp */ = {isa = PBXFileReference; lastKnownFileType = sourcecode.cpp.cpp; path = main.cpp; sourceTree = "<group>"; };
		C83EF405239D411B00F3BCB4 /* rx-trace.hpp */ = {isa = PBXFileReference; lastKnownFileType = sourcecode.cpp.h; path = "rx-trace.hpp"; sourceTree = "<group>"; };
		C83EF408239D437A00F3BCB4 /* libc++.tbd */ = {isa = PBXFileReference; lastKnownFileType = "sourcecode.text-based-dylib-definition"; name = "libc++.tbd"; path = "usr/lib/libc++.tbd"; sourceTree = SDKROOT; };
		C83EF40A239D458700F3BCB4 /* rx-trace.cpp */ = {isa = PBXFileReference; lastKnownFileType = sourcecode.cpp.cpp; path = "rx-trace.cpp"; sourceTree = "<group>"; };
		C8E874B023B1C4FA00D3F79B /* rx-includes.hpp */ = {isa = PBXFileReference; fileEncoding = 4; lastKnownFileType = sourcecode.cpp.h; path = "rx-includes.hpp"; sourceTree = "<group>"; };
/* End PBXFileReference section */

/* Begin PBXFrameworksBuildPhase section */
		C83EF3F2239D11CA00F3BCB4 /* Frameworks */ = {
			isa = PBXFrameworksBuildPhase;
			buildActionMask = 2147483647;
			files = (
			);
			runOnlyForDeploymentPostprocessing = 0;
		};
/* End PBXFrameworksBuildPhase section */

/* Begin PBXGroup section */
		C83EF3EC239D11CA00F3BCB4 = {
			isa = PBXGroup;
			children = (
				C83EF3FF239D12AD00F3BCB4 /* Rx */,
				C83EF3F7239D11CA00F3BCB4 /* learn-cpp-rxcpp */,
				C83EF3F6239D11CA00F3BCB4 /* Products */,
				C83EF407239D437A00F3BCB4 /* Frameworks */,
			);
			sourceTree = "<group>";
		};
		C83EF3F6239D11CA00F3BCB4 /* Products */ = {
			isa = PBXGroup;
			children = (
				C83EF3F5239D11CA00F3BCB4 /* learn-cpp-rxcpp */,
			);
			name = Products;
			sourceTree = "<group>";
		};
		C83EF3F7239D11CA00F3BCB4 /* learn-cpp-rxcpp */ = {
			isa = PBXGroup;
			children = (
				C83EF3F8239D11CA00F3BCB4 /* main.cpp */,
			);
			path = "learn-cpp-rxcpp";
			sourceTree = "<group>";
		};
		C83EF3FF239D12AD00F3BCB4 /* Rx */ = {
			isa = PBXGroup;
			children = (
				C83EF400239D12B900F3BCB4 /* v2 */,
			);
			path = Rx;
			sourceTree = "<group>";
		};
		C83EF400239D12B900F3BCB4 /* v2 */ = {
			isa = PBXGroup;
			children = (
				C83EF401239D12C700F3BCB4 /* src */,
			);
			path = v2;
			sourceTree = "<group>";
		};
		C83EF401239D12C700F3BCB4 /* src */ = {
			isa = PBXGroup;
			children = (
				C83EF402239D12DC00F3BCB4 /* rxcpp */,
			);
			path = src;
			sourceTree = "<group>";
		};
		C83EF402239D12DC00F3BCB4 /* rxcpp */ = {
			isa = PBXGroup;
			children = (
				C83EF405239D411B00F3BCB4 /* rx-trace.hpp */,
				C83EF40A239D458700F3BCB4 /* rx-trace.cpp */,
				C8E874B023B1C4FA00D3F79B /* rx-includes.hpp */,
				C804193623BBA2790059E47F /* rx-sources.cpp */,
				C804193723BBA2790059E47F /* rx-sources.hpp */,
			);
			path = rxcpp;
			sourceTree = "<group>";
		};
		C83EF407239D437A00F3BCB4 /* Frameworks */ = {
			isa = PBXGroup;
			children = (
				C83EF408239D437A00F3BCB4 /* libc++.tbd */,
			);
			name = Frameworks;
			sourceTree = "<group>";
		};
/* End PBXGroup section */

/* Begin PBXNativeTarget section */
		C83EF3F4239D11CA00F3BCB4 /* learn-cpp-rxcpp */ = {
			isa = PBXNativeTarget;
			buildConfigurationList = C83EF3FC239D11CA00F3BCB4 /* Build configuration list for PBXNativeTarget "learn-cpp-rxcpp" */;
			buildPhases = (
				C83EF3F1239D11CA00F3BCB4 /* Sources */,
				C83EF3F2239D11CA00F3BCB4 /* Frameworks */,
				C83EF3F3239D11CA00F3BCB4 /* CopyFiles */,
			);
			buildRules = (
			);
			dependencies = (
			);
			name = "learn-cpp-rxcpp";
			productName = "learn-cpp-rxcpp";
			productReference = C83EF3F5239D11CA00F3BCB4 /* learn-cpp-rxcpp */;
			productType = "com.apple.product-type.tool";
		};
/* End PBXNativeTarget section */

/* Begin PBXProject section */
		C83EF3ED239D11CA00F3BCB4 /* Project object */ = {
			isa = PBXProject;
			attributes = {
				LastUpgradeCheck = 1010;
				ORGANIZATIONNAME = guxuan;
				TargetAttributes = {
					C83EF3F4239D11CA00F3BCB4 = {
						CreatedOnToolsVersion = 10.1;
					};
				};
			};
			buildConfigurationList = C83EF3F0239D11CA00F3BCB4 /* Build configuration list for PBXProject "learn-cpp-rxcpp" */;
			compatibilityVersion = "Xcode 9.3";
			developmentRegion = en;
			hasScannedForEncodings = 0;
			knownRegions = (
				en,
			);
			mainGroup = C83EF3EC239D11CA00F3BCB4;
			productRefGroup = C83EF3F6239D11CA00F3BCB4 /* Products */;
			projectDirPath = "";
			projectRoot = "";
			targets = (
				C83EF3F4239D11CA00F3BCB4 /* learn-cpp-rxcpp */,
			);
		};
/* End PBXProject section */

/* Begin PBXSourcesBuildPhase section */
		C83EF3F1239D11CA00F3BCB4 /* Sources */ = {
			isa = PBXSourcesBuildPhase;
			buildActionMask = 2147483647;
			files = (
				C83EF3F9239D11CA00F3BCB4 /* main.cpp in Sources */,
				C804193823BBA2790059E47F /* rx-sources.cpp in Sources */,
				C83EF40B239D458700F3BCB4 /* rx-trace.cpp in Sources */,
			);
			runOnlyForDeploymentPostprocessing = 0;
		};
/* End PBXSourcesBuildPhase section */

/* Begin XCBuildConfiguration section */
		C83EF3FA239D11CA00F3BCB4 /* Debug */ = {
			isa = XCBuildConfiguration;
			buildSettings = {
				ALWAYS_SEARCH_USER_PATHS = NO;
				CLANG_ANALYZER_NONNULL = YES;
				CLANG_ANALYZER_NUMBER_OBJECT_CONVERSION = YES_AGGRESSIVE;
				CLANG_CXX_LANGUAGE_STANDARD = "gnu++14";
				CLANG_CXX_LIBRARY = "libc++";
				CLANG_ENABLE_MODULES = YES;
				CLANG_ENABLE_OBJC_ARC = YES;
				CLANG_ENABLE_OBJC_WEAK = YES;
				CLANG_WARN_BLOCK_CAPTURE_AUTORELEASING = YES;
				CLANG_WARN_BOOL_CONVERSION = YES;
				CLANG_WARN_COMMA = YES;
				CLANG_WARN_CONSTANT_CONVERSION = YES;
				CLANG_WARN_DEPRECATED_OBJC_IMPLEMENTATIONS = YES;
				CLANG_WARN_DIRECT_OBJC_ISA_USAGE = YES_ERROR;
				CLANG_WARN_DOCUMENTATION_COMMENTS = YES;
				CLANG_WARN_EMPTY_BODY = YES;
				CLANG_WARN_ENUM_CONVERSION = YES;
				CLANG_WARN_INFINITE_RECURSION = YES;
				CLANG_WARN_INT_CONVERSION = YES;
				CLANG_WARN_NON_LITERAL_NULL_CONVERSION = YES;
				CLANG_WARN_OBJC_IMPLICIT_RETAIN_SELF = YES;
				CLANG_WARN_OBJC_LITERAL_CONVERSION = YES;
				CLANG_WARN_OBJC_ROOT_CLASS = YES_ERROR;
				CLANG_WARN_RANGE_LOOP_ANALYSIS = YES;
				CLANG_WARN_STRICT_PROTOTYPES = YES;
				CLANG_WARN_SUSPICIOUS_MOVE = YES;
				CLANG_WARN_UNGUARDED_AVAILABILITY = YES_AGGRESSIVE;
				CLANG_WARN_UNREACHABLE_CODE = YES;
				CLANG_WARN__DUPLICATE_METHOD_MATCH = YES;
				CODE_SIGN_IDENTITY = "-";
				COPY_PHASE_STRIP = NO;
				DEBUG_INFORMATION_FORMAT = dwarf;
				ENABLE_STRICT_OBJC_MSGSEND = YES;
				ENABLE_TESTABILITY = YES;
				GCC_C_LANGUAGE_STANDARD = gnu11;
				GCC_DYNAMIC_NO_PIC = NO;
				GCC_NO_COMMON_BLOCKS = YES;
				GCC_OPTIMIZATION_LEVEL = 0;
				GCC_PREPROCESSOR_DEFINITIONS = (
					"DEBUG=1",
					"$(inherited)",
				);
				GCC_WARN_64_TO_32_BIT_CONVERSION = YES;
				GCC_WARN_ABOUT_RETURN_TYPE = YES_ERROR;
				GCC_WARN_UNDECLARED_SELECTOR = YES;
				GCC_WARN_UNINITIALIZED_AUTOS = YES_AGGRESSIVE;
				GCC_WARN_UNUSED_FUNCTION = YES;
				GCC_WARN_UNUSED_VARIABLE = YES;
				MACOSX_DEPLOYMENT_TARGET = 10.14;
				MTL_ENABLE_DEBUG_INFO = INCLUDE_SOURCE;
				MTL_FAST_MATH = YES;
				ONLY_ACTIVE_ARCH = YES;
				SDKROOT = macosx;
			};
			name = Debug;
		};
		C83EF3FB239D11CA00F3BCB4 /* Release */ = {
			isa = XCBuildConfiguration;
			buildSettings = {
				ALWAYS_SEARCH_USER_PATHS = NO;
				CLANG_ANALYZER_NONNULL = YES;
				CLANG_ANALYZER_NUMBER_OBJECT_CONVERSION = YES_AGGRESSIVE;
				CLANG_CXX_LANGUAGE_STANDARD = "gnu++14";
				CLANG_CXX_LIBRARY = "libc++";
				CLANG_ENABLE_MODULES = YES;
				CLANG_ENABLE_OBJC_ARC = YES;
				CLANG_ENABLE_OBJC_WEAK = YES;
				CLANG_WARN_BLOCK_CAPTURE_AUTORELEASING = YES;
				CLANG_WARN_BOOL_CONVERSION = YES;
				CLANG_WARN_COMMA = YES;
				CLANG_WARN_CONSTANT_CONVERSION = YES;
				CLANG_WARN_DEPRECATED_OBJC_IMPLEMENTATIONS = YES;
				CLANG_WARN_DIRECT_OBJC_ISA_USAGE = YES_ERROR;
				CLANG_WARN_DOCUMENTATION_COMMENTS = YES;
				CLANG_WARN_EMPTY_BODY = YES;
				CLANG_WARN_ENUM_CONVERSION = YES;
				CLANG_WARN_INFINITE_RECURSION = YES;
				CLANG_WARN_INT_CONVERSION = YES;
				CLANG_WARN_NON_LITERAL_NULL_CONVERSION = YES;
				CLANG_WARN_OBJC_IMPLICIT_RETAIN_SELF = YES;
				CLANG_WARN_OBJC_LITERAL_CONVERSION = YES;
				CLANG_WARN_OBJC_ROOT_CLASS = YES_ERROR;
				CLANG_WARN_RANGE_LOOP_ANALYSIS = YES;
				CLANG_WARN_STRICT_PROTOTYPES = YES;
				CLANG_WARN_SUSPICIOUS_MOVE = YES;
				CLANG_WARN_UNGUARDED_AVAILABILITY = YES_AGGRESSIVE;
				CLANG_WARN_UNREACHABLE_CODE = YES;
				CLANG_WARN__DUPLICATE_METHOD_MATCH = YES;
				CODE_SIGN_IDENTITY = "-";
				COPY_PHASE_STRIP = NO;
				DEBUG_INFORMATION_FORMAT = "dwarf-with-dsym";
				ENABLE_NS_ASSERTIONS = NO;
				ENABLE_STRICT_OBJC_MSGSEND = YES;
				GCC_C_LANGUAGE_STANDARD = gnu11;
				GCC_NO_COMMON_BLOCKS = YES;
				GCC_WARN_64_TO_32_BIT_CONVERSION = YES;
				GCC_WARN_ABOUT_RETURN_TYPE = YES_ERROR;
				GCC_WARN_UNDECLARED_SELECTOR = YES;
				GCC_WARN_UNINITIALIZED_AUTOS = YES_AGGRESSIVE;
				GCC_WARN_UNUSED_FUNCTION = YES;
				GCC_WARN_UNUSED_VARIABLE = YES;
				MACOSX_DEPLOYMENT_TARGET = 10.14;
				MTL_ENABLE_DEBUG_INFO = NO;
				MTL_FAST_MATH = YES;
				SDKROOT = macosx;
			};
			name = Release;
		};
		C83EF3FD239D11CA00F3BCB4 /* Debug */ = {
			isa = XCBuildConfiguration;
			buildSettings = {
				CODE_SIGN_STYLE = Automatic;
				HEADER_SEARCH_PATHS = "/Applications/Xcode.app/Contents/Developer/Toolchains/XcodeDefault.xctoolchain/usr/include/c++";
				PRODUCT_NAME = "$(TARGET_NAME)";
			};
			name = Debug;
		};
		C83EF3FE239D11CA00F3BCB4 /* Release */ = {
			isa = XCBuildConfiguration;
			buildSettings = {
				CODE_SIGN_STYLE = Automatic;
				HEADER_SEARCH_PATHS = "/Applications/Xcode.app/Contents/Developer/Toolchains/XcodeDefault.xctoolchain/usr/include/c++";
				PRODUCT_NAME = "$(TARGET_NAME)";
			};
			name = Release;
		};
/* End XCBuildConfiguration section */

/* Begin XCConfigurationList section */
		C83EF3F0239D11CA00F3BCB4 /* Build configuration list for PBXProject "learn-cpp-rxcpp" */ = {
			isa = XCConfigurationList;
			buildConfigurations = (
				C83EF3FA239D11CA00F3BCB4 /* Debug */,
				C83EF3FB239D11CA00F3BCB4 /* Release */,
			);
			defaultConfigurationIsVisible = 0;
			defaultConfigurationName = Release;
		};
		C83EF3FC239D11CA00F3BCB4 /* Build configuration list for PBXNativeTarget "learn-cpp-rxcpp" */ = {
			isa = XCConfigurationList;
			buildConfigurations = (
				C83EF3FD239D11CA00F3BCB4 /* Debug */,
				C83EF3FE239D11CA00F3BCB4 /* Release */,
			);
			defaultConfigurationIsVisible = 0;
			defaultConfigurationName = Release;
		};
/* End XCConfigurationList section */
	};
	rootObject = C83EF3ED239D11CA00F3BCB4 /* Project object */;
}
